
Microsoft Visual Studio Solution File, Format Version 12.00
# Visual Studio Version 16
VisualStudioVersion = 16.0.30611.23
MinimumVisualStudioVersion = 10.0.40219.1
Project("{FAE04EC0-301F-11D3-BF4B-00C04F79EFBC}") = "a1_hafta4_diziler_detayli", "a1_hafta4_diziler_detayli\a1_hafta4_diziler_detayli.csproj", "{4A8960D5-09B3-48F5-84CA-7212DDEB04E9}"
EndProject
Global
	GlobalSection(SolutionConfigurationPlatforms) = preSolution
		Debug|Any CPU = Debug|Any CPU
		Release|Any CPU = Release|Any CPU
	EndGlobalSection
	GlobalSection(ProjectConfigurationPlatforms) = postSolution
		{4A8960D5-09B3-48F5-84CA-7212DDEB04E9}.Debug|Any CPU.ActiveCfg = Debug|Any CPU
		{4A8960D5-09B3-48F5-84CA-7212DDEB04E9}.Debug|Any CPU.Build.0 = Debug|Any CPU
		{4A8960D5-09B3-48F5-84CA-7212DDEB04E9}.Release|Any CPU.ActiveCfg = Release|Any CPU
		{4A8960D5-09B3-48F5-84CA-7212DDEB04E9}.Release|Any CPU.Build.0 = Release|Any CPU
	EndGlobalSection
	GlobalSection(SolutionProperties) = preSolution
		HideSolutionNode = FALSE
	EndGlobalSection
	GlobalSection(ExtensibilityGlobals) = postSolution
		SolutionGuid = {145C253B-B1C6-48FE-8FF7-50B8F3C4C1A6}
	EndGlobalSection
EndGlobal
